// !$*UTF8*$!
{
	archiveVersion = 1;
	classes = {
	};
	objectVersion = 55;
	objects = {

/* Begin PBXBuildFile section */
		0627304128D9A3180062AAEA /* AppDelegate.swift in Sources */ = {isa = PBXBuildFile; fileRef = 0627304028D9A3180062AAEA /* AppDelegate.swift */; };
		0627304328D9A3180062AAEA /* SceneDelegate.swift in Sources */ = {isa = PBXBuildFile; fileRef = 0627304228D9A3180062AAEA /* SceneDelegate.swift */; };
		0627304528D9A3180062AAEA /* ViewController.swift in Sources */ = {isa = PBXBuildFile; fileRef = 0627304428D9A3180062AAEA /* ViewController.swift */; };
		0627304828D9A3180062AAEA /* Main.storyboard in Resources */ = {isa = PBXBuildFile; fileRef = 0627304628D9A3180062AAEA /* Main.storyboard */; };
		0627304A28D9A31A0062AAEA /* Assets.xcassets in Resources */ = {isa = PBXBuildFile; fileRef = 0627304928D9A31A0062AAEA /* Assets.xcassets */; };
		0627304D28D9A31A0062AAEA /* LaunchScreen.storyboard in Resources */ = {isa = PBXBuildFile; fileRef = 0627304B28D9A31A0062AAEA /* LaunchScreen.storyboard */; };
		0627305828D9A31B0062AAEA /* SampleRoadOnlySwiftTests.swift in Sources */ = {isa = PBXBuildFile; fileRef = 0627305728D9A31B0062AAEA /* SampleRoadOnlySwiftTests.swift */; };
		0627306228D9A31B0062AAEA /* SampleRoadOnlySwiftUITests.swift in Sources */ = {isa = PBXBuildFile; fileRef = 0627306128D9A31B0062AAEA /* SampleRoadOnlySwiftUITests.swift */; };
		0627306428D9A31B0062AAEA /* SampleRoadOnlySwiftUITestsLaunchTests.swift in Sources */ = {isa = PBXBuildFile; fileRef = 0627306328D9A31B0062AAEA /* SampleRoadOnlySwiftUITestsLaunchTests.swift */; };
/* End PBXBuildFile section */

/* Begin PBXContainerItemProxy section */
		0627305428D9A31B0062AAEA /* PBXContainerItemProxy */ = {
			isa = PBXContainerItemProxy;
			containerPortal = 0627303528D9A3180062AAEA /* Project object */;
			proxyType = 1;
			remoteGlobalIDString = 0627303C28D9A3180062AAEA;
			remoteInfo = SampleRoadOnlySwift;
		};
		0627305E28D9A31B0062AAEA /* PBXContainerItemProxy */ = {
			isa = PBXContainerItemProxy;
			containerPortal = 0627303528D9A3180062AAEA /* Project object */;
			proxyType = 1;
			remoteGlobalIDString = 0627303C28D9A3180062AAEA;
			remoteInfo = SampleRoadOnlySwift;
		};
/* End PBXContainerItemProxy section */

/* Begin PBXFileReference section */
		0627303D28D9A3180062AAEA /* SampleRoadOnlySwift.app */ = {isa = PBXFileReference; explicitFileType = wrapper.application; includeInIndex = 0; path = SampleRoadOnlySwift.app; sourceTree = BUILT_PRODUCTS_DIR; };
		0627304028D9A3180062AAEA /* AppDelegate.swift */ = {isa = PBXFileReference; lastKnownFileType = sourcecode.swift; path = AppDelegate.swift; sourceTree = "<group>"; };
		0627304228D9A3180062AAEA /* SceneDelegate.swift */ = {isa = PBXFileReference; lastKnownFileType = sourcecode.swift; path = SceneDelegate.swift; sourceTree = "<group>"; };
		0627304428D9A3180062AAEA /* ViewController.swift */ = {isa = PBXFileReference; lastKnownFileType = sourcecode.swift; path = ViewController.swift; sourceTree = "<group>"; };
		0627304728D9A3180062AAEA /* Base */ = {isa = PBXFileReference; lastKnownFileType = file.storyboard; name = Base; path = Base.lproj/Main.storyboard; sourceTree = "<group>"; };
		0627304928D9A31A0062AAEA /* Assets.xcassets */ = {isa = PBXFileReference; lastKnownFileType = folder.assetcatalog; path = Assets.xcassets; sourceTree = "<group>"; };
		0627304C28D9A31A0062AAEA /* Base */ = {isa = PBXFileReference; lastKnownFileType = file.storyboard; name = Base; path = Base.lproj/LaunchScreen.storyboard; sourceTree = "<group>"; };
		0627304E28D9A31A0062AAEA /* Info.plist */ = {isa = PBXFileReference; lastKnownFileType = text.plist.xml; path = Info.plist; sourceTree = "<group>"; };
		0627305328D9A31B0062AAEA /* SampleRoadOnlySwiftTests.xctest */ = {isa = PBXFileReference; explicitFileType = wrapper.cfbundle; includeInIndex = 0; path = SampleRoadOnlySwiftTests.xctest; sourceTree = BUILT_PRODUCTS_DIR; };
		0627305728D9A31B0062AAEA /* SampleRoadOnlySwiftTests.swift */ = {isa = PBXFileReference; lastKnownFileType = sourcecode.swift; path = SampleRoadOnlySwiftTests.swift; sourceTree = "<group>"; };
		0627305D28D9A31B0062AAEA /* SampleRoadOnlySwiftUITests.xctest */ = {isa = PBXFileReference; explicitFileType = wrapper.cfbundle; includeInIndex = 0; path = SampleRoadOnlySwiftUITests.xctest; sourceTree = BUILT_PRODUCTS_DIR; };
		0627306128D9A31B0062AAEA /* SampleRoadOnlySwiftUITests.swift */ = {isa = PBXFileReference; lastKnownFileType = sourcecode.swift; path = SampleRoadOnlySwiftUITests.swift; sourceTree = "<group>"; };
		0627306328D9A31B0062AAEA /* SampleRoadOnlySwiftUITestsLaunchTests.swift */ = {isa = PBXFileReference; lastKnownFileType = sourcecode.swift; path = SampleRoadOnlySwiftUITestsLaunchTests.swift; sourceTree = "<group>"; };
/* End PBXFileReference section */

/* Begin PBXFrameworksBuildPhase section */
		0627303A28D9A3180062AAEA /* Frameworks */ = {
			isa = PBXFrameworksBuildPhase;
			buildActionMask = 2147483647;
			files = (
			);
			runOnlyForDeploymentPostprocessing = 0;
		};
		0627305028D9A31B0062AAEA /* Frameworks */ = {
			isa = PBXFrameworksBuildPhase;
			buildActionMask = 2147483647;
			files = (
			);
			runOnlyForDeploymentPostprocessing = 0;
		};
		0627305A28D9A31B0062AAEA /* Frameworks */ = {
			isa = PBXFrameworksBuildPhase;
			buildActionMask = 2147483647;
			files = (
			);
			runOnlyForDeploymentPostprocessing = 0;
		};
/* End PBXFrameworksBuildPhase section */

/* Begin PBXGroup section */
		0627303428D9A3180062AAEA = {
			isa = PBXGroup;
			children = (
				0627303F28D9A3180062AAEA /* SampleRoadOnlySwift */,
				0627305628D9A31B0062AAEA /* SampleRoadOnlySwiftTests */,
				0627306028D9A31B0062AAEA /* SampleRoadOnlySwiftUITests */,
				0627303E28D9A3180062AAEA /* Products */,
			);
			sourceTree = "<group>";
		};
		0627303E28D9A3180062AAEA /* Products */ = {
			isa = PBXGroup;
			children = (
				0627303D28D9A3180062AAEA /* SampleRoadOnlySwift.app */,
				0627305328D9A31B0062AAEA /* SampleRoadOnlySwiftTests.xctest */,
				0627305D28D9A31B0062AAEA /* SampleRoadOnlySwiftUITests.xctest */,
			);
			name = Products;
			sourceTree = "<group>";
		};
		0627303F28D9A3180062AAEA /* SampleRoadOnlySwift */ = {
			isa = PBXGroup;
			children = (
				0627304028D9A3180062AAEA /* AppDelegate.swift */,
				0627304228D9A3180062AAEA /* SceneDelegate.swift */,
				0627304428D9A3180062AAEA /* ViewController.swift */,
				0627304628D9A3180062AAEA /* Main.storyboard */,
				0627304928D9A31A0062AAEA /* Assets.xcassets */,
				0627304B28D9A31A0062AAEA /* LaunchScreen.storyboard */,
				0627304E28D9A31A0062AAEA /* Info.plist */,
			);
			path = SampleRoadOnlySwift;
			sourceTree = "<group>";
		};
		0627305628D9A31B0062AAEA /* SampleRoadOnlySwiftTests */ = {
			isa = PBXGroup;
			children = (
				0627305728D9A31B0062AAEA /* SampleRoadOnlySwiftTests.swift */,
			);
			path = SampleRoadOnlySwiftTests;
			sourceTree = "<group>";
		};
		0627306028D9A31B0062AAEA /* SampleRoadOnlySwiftUITests */ = {
			isa = PBXGroup;
			children = (
				0627306128D9A31B0062AAEA /* SampleRoadOnlySwiftUITests.swift */,
				0627306328D9A31B0062AAEA /* SampleRoadOnlySwiftUITestsLaunchTests.swift */,
			);
			path = SampleRoadOnlySwiftUITests;
			sourceTree = "<group>";
		};
/* End PBXGroup section */

/* Begin PBXNativeTarget section */
		0627303C28D9A3180062AAEA /* SampleRoadOnlySwift */ = {
			isa = PBXNativeTarget;
			buildConfigurationList = 0627306728D9A31B0062AAEA /* Build configuration list for PBXNativeTarget "SampleRoadOnlySwift" */;
			buildPhases = (
				0627303928D9A3180062AAEA /* Sources */,
				0627303A28D9A3180062AAEA /* Frameworks */,
				0627303B28D9A3180062AAEA /* Resources */,
			);
			buildRules = (
			);
			dependencies = (
			);
			name = SampleRoadOnlySwift;
			productName = SampleRoadOnlySwift;
			productReference = 0627303D28D9A3180062AAEA /* SampleRoadOnlySwift.app */;
			productType = "com.apple.product-type.application";
		};
		0627305228D9A31B0062AAEA /* SampleRoadOnlySwiftTests */ = {
			isa = PBXNativeTarget;
			buildConfigurationList = 0627306A28D9A31B0062AAEA /* Build configuration list for PBXNativeTarget "SampleRoadOnlySwiftTests" */;
			buildPhases = (
				0627304F28D9A31B0062AAEA /* Sources */,
				0627305028D9A31B0062AAEA /* Frameworks */,
				0627305128D9A31B0062AAEA /* Resources */,
			);
			buildRules = (
			);
			dependencies = (
				0627305528D9A31B0062AAEA /* PBXTargetDependency */,
			);
			name = SampleRoadOnlySwiftTests;
			productName = SampleRoadOnlySwiftTests;
			productReference = 0627305328D9A31B0062AAEA /* SampleRoadOnlySwiftTests.xctest */;
			productType = "com.apple.product-type.bundle.unit-test";
		};
		0627305C28D9A31B0062AAEA /* SampleRoadOnlySwiftUITests */ = {
			isa = PBXNativeTarget;
			buildConfigurationList = 0627306D28D9A31B0062AAEA /* Build configuration list for PBXNativeTarget "SampleRoadOnlySwiftUITests" */;
			buildPhases = (
				0627305928D9A31B0062AAEA /* Sources */,
				0627305A28D9A31B0062AAEA /* Frameworks */,
				0627305B28D9A31B0062AAEA /* Resources */,
			);
			buildRules = (
			);
			dependencies = (
				0627305F28D9A31B0062AAEA /* PBXTargetDependency */,
			);
			name = SampleRoadOnlySwiftUITests;
			productName = SampleRoadOnlySwiftUITests;
			productReference = 0627305D28D9A31B0062AAEA /* SampleRoadOnlySwiftUITests.xctest */;
			productType = "com.apple.product-type.bundle.ui-testing";
		};
/* End PBXNativeTarget section */

/* Begin PBXProject section */
		0627303528D9A3180062AAEA /* Project object */ = {
			isa = PBXProject;
			attributes = {
				BuildIndependentTargetsInParallel = 1;
				LastSwiftUpdateCheck = 1340;
				LastUpgradeCheck = 1340;
				TargetAttributes = {
					0627303C28D9A3180062AAEA = {
						CreatedOnToolsVersion = 13.4.1;
					};
					0627305228D9A31B0062AAEA = {
						CreatedOnToolsVersion = 13.4.1;
						TestTargetID = 0627303C28D9A3180062AAEA;
					};
					0627305C28D9A31B0062AAEA = {
						CreatedOnToolsVersion = 13.4.1;
						TestTargetID = 0627303C28D9A3180062AAEA;
					};
				};
			};
			buildConfigurationList = 0627303828D9A3180062AAEA /* Build configuration list for PBXProject "SampleRoadOnlySwift" */;
			compatibilityVersion = "Xcode 13.0";
			developmentRegion = en;
			hasScannedForEncodings = 0;
			knownRegions = (
				en,
				Base,
			);
			mainGroup = 0627303428D9A3180062AAEA;
			productRefGroup = 0627303E28D9A3180062AAEA /* Products */;
			projectDirPath = "";
			projectRoot = "";
			targets = (
				0627303C28D9A3180062AAEA /* SampleRoadOnlySwift */,
				0627305228D9A31B0062AAEA /* SampleRoadOnlySwiftTests */,
				0627305C28D9A31B0062AAEA /* SampleRoadOnlySwiftUITests */,
			);
		};
/* End PBXProject section */

/* Begin PBXResourcesBuildPhase section */
		0627303B28D9A3180062AAEA /* Resources */ = {
			isa = PBXResourcesBuildPhase;
			buildActionMask = 2147483647;
			files = (
				0627304D28D9A31A0062AAEA /* LaunchScreen.storyboard in Resources */,
				0627304A28D9A31A0062AAEA /* Assets.xcassets in Resources */,
				0627304828D9A3180062AAEA /* Main.storyboard in Resources */,
			);
			runOnlyForDeploymentPostprocessing = 0;
		};
		0627305128D9A31B0062AAEA /* Resources */ = {
			isa = PBXResourcesBuildPhase;
			buildActionMask = 2147483647;
			files = (
			);
			runOnlyForDeploymentPostprocessing = 0;
		};
		0627305B28D9A31B0062AAEA /* Resources */ = {
			isa = PBXResourcesBuildPhase;
			buildActionMask = 2147483647;
			files = (
			);
			runOnlyForDeploymentPostprocessing = 0;
		};
/* End PBXResourcesBuildPhase section */

/* Begin PBXSourcesBuildPhase section */
		0627303928D9A3180062AAEA /* Sources */ = {
			isa = PBXSourcesBuildPhase;
			buildActionMask = 2147483647;
			files = (
				0627304528D9A3180062AAEA /* ViewController.swift in Sources */,
				0627304128D9A3180062AAEA /* AppDelegate.swift in Sources */,
				0627304328D9A3180062AAEA /* SceneDelegate.swift in Sources */,
			);
			runOnlyForDeploymentPostprocessing = 0;
		};
		0627304F28D9A31B0062AAEA /* Sources */ = {
			isa = PBXSourcesBuildPhase;
			buildActionMask = 2147483647;
			files = (
				0627305828D9A31B0062AAEA /* SampleRoadOnlySwiftTests.swift in Sources */,
			);
			runOnlyForDeploymentPostprocessing = 0;
		};
		0627305928D9A31B0062AAEA /* Sources */ = {
			isa = PBXSourcesBuildPhase;
			buildActionMask = 2147483647;
			files = (
				0627306428D9A31B0062AAEA /* SampleRoadOnlySwiftUITestsLaunchTests.swift in Sources */,
				0627306228D9A31B0062AAEA /* SampleRoadOnlySwiftUITests.swift in Sources */,
			);
			runOnlyForDeploymentPostprocessing = 0;
		};
/* End PBXSourcesBuildPhase section */

/* Begin PBXTargetDependency section */
		0627305528D9A31B0062AAEA /* PBXTargetDependency */ = {
			isa = PBXTargetDependency;
			target = 0627303C28D9A3180062AAEA /* SampleRoadOnlySwift */;
			targetProxy = 0627305428D9A31B0062AAEA /* PBXContainerItemProxy */;
		};
		0627305F28D9A31B0062AAEA /* PBXTargetDependency */ = {
			isa = PBXTargetDependency;
			target = 0627303C28D9A3180062AAEA /* SampleRoadOnlySwift */;
			targetProxy = 0627305E28D9A31B0062AAEA /* PBXContainerItemProxy */;
		};
/* End PBXTargetDependency section */

/* Begin PBXVariantGroup section */
		0627304628D9A3180062AAEA /* Main.storyboard */ = {
			isa = PBXVariantGroup;
			children = (
				0627304728D9A3180062AAEA /* Base */,
			);
			name = Main.storyboard;
			sourceTree = "<group>";
		};
		0627304B28D9A31A0062AAEA /* LaunchScreen.storyboard */ = {
			isa = PBXVariantGroup;
			children = (
				0627304C28D9A31A0062AAEA /* Base */,
			);
			name = LaunchScreen.storyboard;
			sourceTree = "<group>";
		};
/* End PBXVariantGroup section */

/* Begin XCBuildConfiguration section */
		0627306528D9A31B0062AAEA /* Debug */ = {
			isa = XCBuildConfiguration;
			buildSettings = {
				ALWAYS_SEARCH_USER_PATHS = NO;
				CLANG_ANALYZER_NONNULL = YES;
				CLANG_ANALYZER_NUMBER_OBJECT_CONVERSION = YES_AGGRESSIVE;
				CLANG_CXX_LANGUAGE_STANDARD = "gnu++17";
				CLANG_ENABLE_MODULES = YES;
				CLANG_ENABLE_OBJC_ARC = YES;
				CLANG_ENABLE_OBJC_WEAK = YES;
				CLANG_WARN_BLOCK_CAPTURE_AUTORELEASING = YES;
				CLANG_WARN_BOOL_CONVERSION = YES;
				CLANG_WARN_COMMA = YES;
				CLANG_WARN_CONSTANT_CONVERSION = YES;
				CLANG_WARN_DEPRECATED_OBJC_IMPLEMENTATIONS = YES;
				CLANG_WARN_DIRECT_OBJC_ISA_USAGE = YES_ERROR;
				CLANG_WARN_DOCUMENTATION_COMMENTS = YES;
				CLANG_WARN_EMPTY_BODY = YES;
				CLANG_WARN_ENUM_CONVERSION = YES;
				CLANG_WARN_INFINITE_RECURSION = YES;
				CLANG_WARN_INT_CONVERSION = YES;
				CLANG_WARN_NON_LITERAL_NULL_CONVERSION = YES;
				CLANG_WARN_OBJC_IMPLICIT_RETAIN_SELF = YES;
				CLANG_WARN_OBJC_LITERAL_CONVERSION = YES;
				CLANG_WARN_OBJC_ROOT_CLASS = YES_ERROR;
				CLANG_WARN_QUOTED_INCLUDE_IN_FRAMEWORK_HEADER = YES;
				CLANG_WARN_RANGE_LOOP_ANALYSIS = YES;
				CLANG_WARN_STRICT_PROTOTYPES = YES;
				CLANG_WARN_SUSPICIOUS_MOVE = YES;
				CLANG_WARN_UNGUARDED_AVAILABILITY = YES_AGGRESSIVE;
				CLANG_WARN_UNREACHABLE_CODE = YES;
				CLANG_WARN__DUPLICATE_METHOD_MATCH = YES;
				COPY_PHASE_STRIP = NO;
				DEBUG_INFORMATION_FORMAT = dwarf;
				ENABLE_STRICT_OBJC_MSGSEND = YES;
				ENABLE_TESTABILITY = YES;
				GCC_C_LANGUAGE_STANDARD = gnu11;
				GCC_DYNAMIC_NO_PIC = NO;
				GCC_NO_COMMON_BLOCKS = YES;
				GCC_OPTIMIZATION_LEVEL = 0;
				GCC_PREPROCESSOR_DEFINITIONS = (
					"DEBUG=1",
					"$(inherited)",
				);
				GCC_WARN_64_TO_32_BIT_CONVERSION = YES;
				GCC_WARN_ABOUT_RETURN_TYPE = YES_ERROR;
				GCC_WARN_UNDECLARED_SELECTOR = YES;
				GCC_WARN_UNINITIALIZED_AUTOS = YES_AGGRESSIVE;
				GCC_WARN_UNUSED_FUNCTION = YES;
				GCC_WARN_UNUSED_VARIABLE = YES;
				IPHONEOS_DEPLOYMENT_TARGET = 15.5;
				MTL_ENABLE_DEBUG_INFO = INCLUDE_SOURCE;
				MTL_FAST_MATH = YES;
				ONLY_ACTIVE_ARCH = YES;
				SDKROOT = iphoneos;
				SWIFT_ACTIVE_COMPILATION_CONDITIONS = DEBUG;
				SWIFT_OPTIMIZATION_LEVEL = "-Onone";
			};
			name = Debug;
		};
		0627306628D9A31B0062AAEA /* Release */ = {
			isa = XCBuildConfiguration;
			buildSettings = {
				ALWAYS_SEARCH_USER_PATHS = NO;
				CLANG_ANALYZER_NONNULL = YES;
				CLANG_ANALYZER_NUMBER_OBJECT_CONVERSION = YES_AGGRESSIVE;
				CLANG_CXX_LANGUAGE_STANDARD = "gnu++17";
				CLANG_ENABLE_MODULES = YES;
				CLANG_ENABLE_OBJC_ARC = YES;
				CLANG_ENABLE_OBJC_WEAK = YES;
				CLANG_WARN_BLOCK_CAPTURE_AUTORELEASING = YES;
				CLANG_WARN_BOOL_CONVERSION = YES;
				CLANG_WARN_COMMA = YES;
				CLANG_WARN_CONSTANT_CONVERSION = YES;
				CLANG_WARN_DEPRECATED_OBJC_IMPLEMENTATIONS = YES;
				CLANG_WARN_DIRECT_OBJC_ISA_USAGE = YES_ERROR;
				CLANG_WARN_DOCUMENTATION_COMMENTS = YES;
				CLANG_WARN_EMPTY_BODY = YES;
				CLANG_WARN_ENUM_CONVERSION = YES;
				CLANG_WARN_INFINITE_RECURSION = YES;
				CLANG_WARN_INT_CONVERSION = YES;
				CLANG_WARN_NON_LITERAL_NULL_CONVERSION = YES;
				CLANG_WARN_OBJC_IMPLICIT_RETAIN_SELF = YES;
				CLANG_WARN_OBJC_LITERAL_CONVERSION = YES;
				CLANG_WARN_OBJC_ROOT_CLASS = YES_ERROR;
				CLANG_WARN_QUOTED_INCLUDE_IN_FRAMEWORK_HEADER = YES;
				CLANG_WARN_RANGE_LOOP_ANALYSIS = YES;
				CLANG_WARN_STRICT_PROTOTYPES = YES;
				CLANG_WARN_SUSPICIOUS_MOVE = YES;
				CLANG_WARN_UNGUARDED_AVAILABILITY = YES_AGGRESSIVE;
				CLANG_WARN_UNREACHABLE_CODE = YES;
				CLANG_WARN__DUPLICATE_METHOD_MATCH = YES;
				COPY_PHASE_STRIP = NO;
				DEBUG_INFORMATION_FORMAT = "dwarf-with-dsym";
				ENABLE_NS_ASSERTIONS = NO;
				ENABLE_STRICT_OBJC_MSGSEND = YES;
				GCC_C_LANGUAGE_STANDARD = gnu11;
				GCC_NO_COMMON_BLOCKS = YES;
				GCC_WARN_64_TO_32_BIT_CONVERSION = YES;
				GCC_WARN_ABOUT_RETURN_TYPE = YES_ERROR;
				GCC_WARN_UNDECLARED_SELECTOR = YES;
				GCC_WARN_UNINITIALIZED_AUTOS = YES_AGGRESSIVE;
				GCC_WARN_UNUSED_FUNCTION = YES;
				GCC_WARN_UNUSED_VARIABLE = YES;
				IPHONEOS_DEPLOYMENT_TARGET = 15.5;
				MTL_ENABLE_DEBUG_INFO = NO;
				MTL_FAST_MATH = YES;
				SDKROOT = iphoneos;
				SWIFT_COMPILATION_MODE = wholemodule;
				SWIFT_OPTIMIZATION_LEVEL = "-O";
				VALIDATE_PRODUCT = YES;
			};
			name = Release;
		};
		0627306828D9A31B0062AAEA /* Debug */ = {
			isa = XCBuildConfiguration;
			buildSettings = {
				ASSETCATALOG_COMPILER_APPICON_NAME = AppIcon;
				ASSETCATALOG_COMPILER_GLOBAL_ACCENT_COLOR_NAME = AccentColor;
				CODE_SIGN_STYLE = Automatic;
				CURRENT_PROJECT_VERSION = 1;
				DEVELOPMENT_TEAM = M8RRNB9SV9;
				GENERATE_INFOPLIST_FILE = YES;
				INFOPLIST_FILE = SampleRoadOnlySwift/Info.plist;
				INFOPLIST_KEY_UIApplicationSupportsIndirectInputEvents = YES;
				INFOPLIST_KEY_UILaunchStoryboardName = LaunchScreen;
				INFOPLIST_KEY_UIMainStoryboardFile = Main;
				INFOPLIST_KEY_UISupportedInterfaceOrientations_iPad = "UIInterfaceOrientationPortrait UIInterfaceOrientationPortraitUpsideDown UIInterfaceOrientationLandscapeLeft UIInterfaceOrientationLandscapeRight";
				INFOPLIST_KEY_UISupportedInterfaceOrientations_iPhone = "UIInterfaceOrientationPortrait UIInterfaceOrientationLandscapeLeft UIInterfaceOrientationLandscapeRight";
				LD_RUNPATH_SEARCH_PATHS = (
					"$(inherited)",
					"@executable_path/Frameworks",
				);
				MARKETING_VERSION = 1.0;
				PRODUCT_BUNDLE_IDENTIFIER = kang.SampleRoadOnlySwift;
				PRODUCT_NAME = "$(TARGET_NAME)";
				SWIFT_EMIT_LOC_STRINGS = YES;
				SWIFT_VERSION = 5.0;
				TARGETED_DEVICE_FAMILY = "1,2";
			};
			name = Debug;
		};
		0627306928D9A31B0062AAEA /* Release */ = {
			isa = XCBuildConfiguration;
			buildSettings = {
				ASSETCATALOG_COMPILER_APPICON_NAME = AppIcon;
				ASSETCATALOG_COMPILER_GLOBAL_ACCENT_COLOR_NAME = AccentColor;
				CODE_SIGN_STYLE = Automatic;
				CURRENT_PROJECT_VERSION = 1;
				DEVELOPMENT_TEAM = M8RRNB9SV9;
				GENERATE_INFOPLIST_FILE = YES;
				INFOPLIST_FILE = SampleRoadOnlySwift/Info.plist;
				INFOPLIST_KEY_UIApplicationSupportsIndirectInputEvents = YES;
				INFOPLIST_KEY_UILaunchStoryboardName = LaunchScreen;
				INFOPLIST_KEY_UIMainStoryboardFile = Main;
				INFOPLIST_KEY_UISupportedInterfaceOrientations_iPad = "UIInterfaceOrientationPortrait UIInterfaceOrientationPortraitUpsideDown UIInterfaceOrientationLandscapeLeft UIInterfaceOrientationLandscapeRight";
				INFOPLIST_KEY_UISupportedInterfaceOrientations_iPhone = "UIInterfaceOrientationPortrait UIInterfaceOrientationLandscapeLeft UIInterfaceOrientationLandscapeRight";
				LD_RUNPATH_SEARCH_PATHS = (
					"$(inherited)",
					"@executable_path/Frameworks",
				);
				MARKETING_VERSION = 1.0;
				PRODUCT_BUNDLE_IDENTIFIER = kang.SampleRoadOnlySwift;
				PRODUCT_NAME = "$(TARGET_NAME)";
				SWIFT_EMIT_LOC_STRINGS = YES;
				SWIFT_VERSION = 5.0;
				TARGETED_DEVICE_FAMILY = "1,2";
			};
			name = Release;
		};
		0627306B28D9A31B0062AAEA /* Debug */ = {
			isa = XCBuildConfiguration;
			buildSettings = {
				ALWAYS_EMBED_SWIFT_STANDARD_LIBRARIES = YES;
				BUNDLE_LOADER = "$(TEST_HOST)";
				CODE_SIGN_STYLE = Automatic;
				CURRENT_PROJECT_VERSION = 1;
				DEVELOPMENT_TEAM = M8RRNB9SV9;
				GENERATE_INFOPLIST_FILE = YES;
				IPHONEOS_DEPLOYMENT_TARGET = 15.5;
				MARKETING_VERSION = 1.0;
				PRODUCT_BUNDLE_IDENTIFIER = kang.SampleRoadOnlySwiftTests;
				PRODUCT_NAME = "$(TARGET_NAME)";
				SWIFT_EMIT_LOC_STRINGS = NO;
				SWIFT_VERSION = 5.0;
				TARGETED_DEVICE_FAMILY = "1,2";
				TEST_HOST = "$(BUILT_PRODUCTS_DIR)/SampleRoadOnlySwift.app/SampleRoadOnlySwift";
			};
			name = Debug;
		};
		0627306C28D9A31B0062AAEA /* Release */ = {
			isa = XCBuildConfiguration;
			buildSettings = {
				ALWAYS_EMBED_SWIFT_STANDARD_LIBRARIES = YES;
				BUNDLE_LOADER = "$(TEST_HOST)";
				CODE_SIGN_STYLE = Automatic;
				CURRENT_PROJECT_VERSION = 1;
				DEVELOPMENT_TEAM = M8RRNB9SV9;
				GENERATE_INFOPLIST_FILE = YES;
				IPHONEOS_DEPLOYMENT_TARGET = 15.5;
				MARKETING_VERSION = 1.0;
				PRODUCT_BUNDLE_IDENTIFIER = kang.SampleRoadOnlySwiftTests;
				PRODUCT_NAME = "$(TARGET_NAME)";
				SWIFT_EMIT_LOC_STRINGS = NO;
				SWIFT_VERSION = 5.0;
				TARGETED_DEVICE_FAMILY = "1,2";
				TEST_HOST = "$(BUILT_PRODUCTS_DIR)/SampleRoadOnlySwift.app/SampleRoadOnlySwift";
			};
			name = Release;
		};
		0627306E28D9A31B0062AAEA /* Debug */ = {
			isa = XCBuildConfiguration;
			buildSettings = {
				ALWAYS_EMBED_SWIFT_STANDARD_LIBRARIES = YES;
				CODE_SIGN_STYLE = Automatic;
				CURRENT_PROJECT_VERSION = 1;
				DEVELOPMENT_TEAM = M8RRNB9SV9;
				GENERATE_INFOPLIST_FILE = YES;
				MARKETING_VERSION = 1.0;
				PRODUCT_BUNDLE_IDENTIFIER = kang.SampleRoadOnlySwiftUITests;
				PRODUCT_NAME = "$(TARGET_NAME)";
				SWIFT_EMIT_LOC_STRINGS = NO;
				SWIFT_VERSION = 5.0;
				TARGETED_DEVICE_FAMILY = "1,2";
				TEST_TARGET_NAME = SampleRoadOnlySwift;
			};
			name = Debug;
		};
		0627306F28D9A31B0062AAEA /* Release */ = {
			isa = XCBuildConfiguration;
			buildSettings = {
				ALWAYS_EMBED_SWIFT_STANDARD_LIBRARIES = YES;
				CODE_SIGN_STYLE = Automatic;
				CURRENT_PROJECT_VERSION = 1;
				DEVELOPMENT_TEAM = M8RRNB9SV9;
				GENERATE_INFOPLIST_FILE = YES;
				MARKETING_VERSION = 1.0;
				PRODUCT_BUNDLE_IDENTIFIER = kang.SampleRoadOnlySwiftUITests;
				PRODUCT_NAME = "$(TARGET_NAME)";
				SWIFT_EMIT_LOC_STRINGS = NO;
				SWIFT_VERSION = 5.0;
				TARGETED_DEVICE_FAMILY = "1,2";
				TEST_TARGET_NAME = SampleRoadOnlySwift;
			};
			name = Release;
		};
/* End XCBuildConfiguration section */

/* Begin XCConfigurationList section */
		0627303828D9A3180062AAEA /* Build configuration list for PBXProject "SampleRoadOnlySwift" */ = {
			isa = XCConfigurationList;
			buildConfigurations = (
				0627306528D9A31B0062AAEA /* Debug */,
				0627306628D9A31B0062AAEA /* Release */,
			);
			defaultConfigurationIsVisible = 0;
			defaultConfigurationName = Release;
		};
		0627306728D9A31B0062AAEA /* Build configuration list for PBXNativeTarget "SampleRoadOnlySwift" */ = {
			isa = XCConfigurationList;
			buildConfigurations = (
				0627306828D9A31B0062AAEA /* Debug */,
				0627306928D9A31B0062AAEA /* Release */,
			);
			defaultConfigurationIsVisible = 0;
			defaultConfigurationName = Release;
		};
		0627306A28D9A31B0062AAEA /* Build configuration list for PBXNativeTarget "SampleRoadOnlySwiftTests" */ = {
			isa = XCConfigurationList;
			buildConfigurations = (
				0627306B28D9A31B0062AAEA /* Debug */,
				0627306C28D9A31B0062AAEA /* Release */,
			);
			defaultConfigurationIsVisible = 0;
			defaultConfigurationName = Release;
		};
		0627306D28D9A31B0062AAEA /* Build configuration list for PBXNativeTarget "SampleRoadOnlySwiftUITests" */ = {
			isa = XCConfigurationList;
			buildConfigurations = (
				0627306E28D9A31B0062AAEA /* Debug */,
				0627306F28D9A31B0062AAEA /* Release */,
			);
			defaultConfigurationIsVisible = 0;
			defaultConfigurationName = Release;
		};
/* End XCConfigurationList section */
	};
	rootObject = 0627303528D9A3180062AAEA /* Project object */;
}
